{
  "name": "@contextcrucible/explorer",
  "version": "0.4.0",
  "lockfileVersion": 3,
  "requires": true,
  "packages": {
    "": {
      "name": "@contextcrucible/explorer",
      "version": "0.4.0",
      "license": "MIT",
      "bin": {
        "crucible-explorer": "dist/cli.js"
      },
      "devDependencies": {
        "@types/node": "^22.13.0",
        "typescript": "^5.8.3"
