{
  "name": "@contextcrucible/explorer",
  "version": "0.4.0",
  "lockfileVersion": 3,
  "requires": true,
  "packages": {
    "": {
      "name": "@contextcrucible/explorer",
      "version": "0.4.0",
      "license": "MIT",
      "bin": {
        "crucible-explorer": "dist/cli.js"
      },
      "devDependencies": {
        "@types/node": "^22.13.0",
        "typescript": "^5.8.3"
      },
      "engines": {
        "node": ">=18"
      }
    },
    "node_modules/@types/node": {
      "version": "22.13.0",
      "resolved": "https://registry.npmjs.org/@types/node/-/node-22.13.0.tgz",
      "integrity": "sha512-ClIbNe36lawluuvq3+YYhnIN2CELi+6q8NpnM7PYp4hBn/TatfboPgVSm2rwKRfnV2M+Ty9GWDFI64KEe+kysA==",
      "dev": true,
      "license": "MIT",
